
Microsoft Visual Studio Solution File, Format Version 12.00
# Visual Studio 15
VisualStudioVersion = 15.0.27428.2015
MinimumVisualStudioVersion = 10.0.40219.1
Project("{8BC9CEB8-8B4A-11D0-8D11-00A0C91BC942}") = "FlowerEngine", "FlowerEngine\FlowerEngine.vcxproj", "{D3D0911F-96D0-4629-88B8-122C0256058C}"
EndProject
Project("{8BC9CEB8-8B4A-11D0-8D11-00A0C91BC942}") = "Algorism", "Algorism\Algorism.vcxproj", "{764F42AD-7A34-4101-B4E6-0CF1EBE122B1}"
EndProject
Global
	GlobalSection(SolutionConfigurationPlatforms) = preSolution
		Debug|x64 = Debug|x64
		Debug|x86 = Debug|x86
		Profile|x64 = Profile|x64
		Profile|x86 = Profile|x86
		Release|x64 = Release|x64
		Release|x86 = Release|x86
	EndGlobalSection
	GlobalSection(ProjectConfigurationPlatforms) = postSolution
		{D3D0911F-96D0-4629-88B8-122C0256058C}.Debug|x64.ActiveCfg = Debug|x64
		{D3D0911F-96D0-4629-88B8-122C0256058C}.Debug|x64.Build.0 = Debug|x64
		{D3D0911F-96D0-4629-88B8-122C0256058C}.Debug|x86.ActiveCfg = Debug|Win32
		{D3D0911F-96D0-4629-88B8-122C0256058C}.Debug|x86.Build.0 = Debug|Win32
		{D3D0911F-96D0-4629-88B8-122C0256058C}.Profile|x64.ActiveCfg = Profile|x64
		{D3D0911F-96D0-4629-88B8-122C0256058C}.Profile|x64.Build.0 = Profile|x64
		{D3D0911F-96D0-4629-88B8-122C0256058C}.Profile|x86.ActiveCfg = Profile|Win32
		{D3D0911F-96D0-4629-88B8-122C0256058C}.Profile|x86.Build.0 = Profile|Win32
		{D3D0911F-96D0-4629-88B8-122C0256058C}.Release|x64.ActiveCfg = Release|x64
		{D3D0911F-96D0-4629-88B8-122C0256058C}.Release|x64.Build.0 = Release|x64
		{D3D0911F-96D0-4629-88B8-122C0256058C}.Release|x86.ActiveCfg = Release|Win32
		{D3D0911F-96D0-4629-88B8-122C0256058C}.Release|x86.Build.0 = Release|Win32
		{764F42AD-7A34-4101-B4E6-0CF1EBE122B1}.Debug|x64.ActiveCfg = Debug|x64
		{764F42AD-7A34-4101-B4E6-0CF1EBE122B1}.Debug|x64.Build.0 = Debug|x64
		{764F42AD-7A34-4101-B4E6-0CF1EBE122B1}.Debug|x86.ActiveCfg = Debug|Win32
		{764F42AD-7A34-4101-B4E6-0CF1EBE122B1}.Debug|x86.Build.0 = Debug|Win32
		{764F42AD-7A34-4101-B4E6-0CF1EBE122B1}.Profile|x64.ActiveCfg = Release|x64
		{764F42AD-7A34-4101-B4E6-0CF1EBE122B1}.Profile|x64.Build.0 = Release|x64
		{764F42AD-7A34-4101-B4E6-0CF1EBE122B1}.Profile|x86.ActiveCfg = Release|Win32
		{764F42AD-7A34-4101-B4E6-0CF1EBE122B1}.Profile|x86.Build.0 = Release|Win32
		{764F42AD-7A34-4101-B4E6-0CF1EBE122B1}.Release|x64.ActiveCfg = Release|x64
		{764F42AD-7A34-4101-B4E6-0CF1EBE122B1}.Release|x64.Build.0 = Release|x64
		{764F42AD-7A34-4101-B4E6-0CF1EBE122B1}.Release|x86.ActiveCfg = Release|Win32
		{764F42AD-7A34-4101-B4E6-0CF1EBE122B1}.Release|x86.Build.0 = Release|Win32
	EndGlobalSection
	GlobalSection(SolutionProperties) = preSolution
		HideSolutionNode = FALSE
	EndGlobalSection
	GlobalSection(ExtensibilityGlobals) = postSolution
		SolutionGuid = {7E131EC8-D67B-4714-A761-D777F7231D1F}
	EndGlobalSection
EndGlobal
